
Microsoft Visual Studio Solution File, Format Version 12.00
# Visual Studio Version 17
VisualStudioVersion = 17.6.33829.357
MinimumVisualStudioVersion = 10.0.40219.1
Project("{9A19103F-16F7-4668-BE54-9A1E7A4F7556}") = "BulkyWeb", "BulkyWeb\BulkyWeb.csproj", "{38D812B7-6814-4E76-8EB6-E6EBA4D2006C}"
EndProject
Project("{FAE04EC0-301F-11D3-BF4B-00C04F79EFBC}") = "BulkyWebRazor_Temp", "BulkyWebRazor_Temp\BulkyWebRazor_Temp.csproj", "{1AD0E4E6-09CC-4F65-8A43-C0A048E84C92}"
EndProject
Global
	GlobalSection(SolutionConfigurationPlatforms) = preSolution
		Debug|Any CPU = Debug|Any CPU
		Release|Any CPU = Release|Any CPU
	EndGlobalSection
	GlobalSection(ProjectConfigurationPlatforms) = postSolution
		{38D812B7-6814-4E76-8EB6-E6EBA4D2006C}.Debug|Any CPU.ActiveCfg = Debug|Any CPU
		{38D812B7-6814-4E76-8EB6-E6EBA4D2006C}.Debug|Any CPU.Build.0 = Debug|Any CPU
		{38D812B7-6814-4E76-8EB6-E6EBA4D2006C}.Release|Any CPU.ActiveCfg = Release|Any CPU
		{38D812B7-6814-4E76-8EB6-E6EBA4D2006C}.Release|Any CPU.Build.0 = Release|Any CPU
		{1AD0E4E6-09CC-4F65-8A43-C0A048E84C92}.Debug|Any CPU.ActiveCfg = Debug|Any CPU
		{1AD0E4E6-09CC-4F65-8A43-C0A048E84C92}.Debug|Any CPU.Build.0 = Debug|Any CPU
		{1AD0E4E6-09CC-4F65-8A43-C0A048E84C92}.Release|Any CPU.ActiveCfg = Release|Any CPU
		{1AD0E4E6-09CC-4F65-8A43-C0A048E84C92}.Release|Any CPU.Build.0 = Release|Any CPU
	EndGlobalSection
	GlobalSection(SolutionProperties) = preSolution
		HideSolutionNode = FALSE
	EndGlobalSection
	GlobalSection(ExtensibilityGlobals) = postSolution
		SolutionGuid = {A6E58B1E-9A26-46C1-913D-A634D2333DAB}
	EndGlobalSection
EndGlobal
